
Microsoft Visual Studio Solution File, Format Version 12.00
# Visual Studio Version 17
VisualStudioVersion = 17.8.34309.116
MinimumVisualStudioVersion = 10.0.40219.1
Project("{FAE04EC0-301F-11D3-BF4B-00C04F79EFBC}") = "MordhauCheat 2.0", "MordhauCheat 2.0.csproj", "{80312E5B-40CF-425F-8B4A-C43496E5704A}"
EndProject
Global
	GlobalSection(SolutionConfigurationPlatforms) = preSolution
		Debug|Any CPU = Debug|Any CPU
		Release|Any CPU = Release|Any CPU
	EndGlobalSection
	GlobalSection(ProjectConfigurationPlatforms) = postSolution
		{80312E5B-40CF-425F-8B4A-C43496E5704A}.Debug|Any CPU.ActiveCfg = Debug|Any CPU
		{80312E5B-40CF-425F-8B4A-C43496E5704A}.Debug|Any CPU.Build.0 = Debug|Any CPU
		{80312E5B-40CF-425F-8B4A-C43496E5704A}.Release|Any CPU.ActiveCfg = Release|Any CPU
		{80312E5B-40CF-425F-8B4A-C43496E5704A}.Release|Any CPU.Build.0 = Release|Any CPU
	EndGlobalSection
	GlobalSection(SolutionProperties) = preSolution
		HideSolutionNode = FALSE
	EndGlobalSection
	GlobalSection(ExtensibilityGlobals) = postSolution
		SolutionGuid = {1EEC7652-36B9-4E7E-9D49-DD11DEFEFF03}
	EndGlobalSection
EndGlobal
